
Microsoft Visual Studio Solution File, Format Version 12.00
# Visual Studio Version 16
VisualStudioVersion = 16.0.29920.165
MinimumVisualStudioVersion = 10.0.40219.1
Project("{FAE04EC0-301F-11D3-BF4B-00C04F79EFBC}") = "WWW.DE-BAAY.NL Online Comic Reader", "WWW.DE-BAAY.NL Online Comic Reader\WWW.DE-BAAY.NL Online Comic Reader.csproj", "{17CEE1E0-D25E-48DC-9995-F299FE5DBC19}"
EndProject
Project("{FAE04EC0-301F-11D3-BF4B-00C04F79EFBC}") = "ComicReaderWeb", "ComicReaderWeb\ComicReaderWeb.csproj", "{2E57B4A4-1A80-4F26-BEDF-BB973AC65855}"
EndProject
Project("{9A19103F-16F7-4668-BE54-9A1E7A4F7556}") = "ComicReaderWebCore", "ComicReaderWebCore\ComicReaderWebCore.csproj", "{76CC2EEA-C4B2-4278-B5A5-0DAA7AFFCA6F}"
EndProject
Project("{9A19103F-16F7-4668-BE54-9A1E7A4F7556}") = "ComicReaderAPICore", "ComicReaderAPICore\ComicReaderAPICore.csproj", "{532CB0F2-4635-4521-BFAA-D8BF2E45EF3F}"
EndProject
Project("{9A19103F-16F7-4668-BE54-9A1E7A4F7556}") = "ComicReaderDataManagementUI", "ComicReaderDataManagementUI\ComicReaderDataManagementUI.csproj", "{22175749-D870-4819-8F9B-685A27D33262}"
EndProject
Project("{9A19103F-16F7-4668-BE54-9A1E7A4F7556}") = "ComicReaderInventoryService", "ComicReaderInventoryService\ComicReaderInventoryService.csproj", "{5C464351-AFC3-43CE-BDD2-26866E400635}"
EndProject
Project("{9A19103F-16F7-4668-BE54-9A1E7A4F7556}") = "ComicReaderClassLibrary", "ComicReaderClassLibrary\ComicReaderClassLibrary.csproj", "{35B16D6A-BAB5-4ECD-9589-8B5C0721979D}"
EndProject
Project("{00D1A9C2-B5F0-4AF3-8072-F6C62B433612}") = "ComicReaderDB", "ComicReaderDB\ComicReaderDB.sqlproj", "{BA4BEE93-2C88-44DA-8E67-83D938053FE1}"
EndProject
Project("{00D1A9C2-B5F0-4AF3-8072-F6C62B433612}") = "ComicReaderDBTest", "ComicReaderDBTest\ComicReaderDBTest.sqlproj", "{4F3B9073-B1A7-44C4-9674-24D74CFF7A7C}"
EndProject
Global
	GlobalSection(SolutionConfigurationPlatforms) = preSolution
		Debug|Any CPU = Debug|Any CPU
		Release|Any CPU = Release|Any CPU
	EndGlobalSection
	GlobalSection(ProjectConfigurationPlatforms) = postSolution
		{17CEE1E0-D25E-48DC-9995-F299FE5DBC19}.Debug|Any CPU.ActiveCfg = Debug|Any CPU
		{17CEE1E0-D25E-48DC-9995-F299FE5DBC19}.Debug|Any CPU.Build.0 = Debug|Any CPU
		{17CEE1E0-D25E-48DC-9995-F299FE5DBC19}.Release|Any CPU.ActiveCfg = Release|Any CPU
		{17CEE1E0-D25E-48DC-9995-F299FE5DBC19}.Release|Any CPU.Build.0 = Release|Any CPU
		{2E57B4A4-1A80-4F26-BEDF-BB973AC65855}.Debug|Any CPU.ActiveCfg = Debug|Any CPU
		{2E57B4A4-1A80-4F26-BEDF-BB973AC65855}.Debug|Any CPU.Build.0 = Debug|Any CPU
		{2E57B4A4-1A80-4F26-BEDF-BB973AC65855}.Release|Any CPU.ActiveCfg = Release|Any CPU
		{2E57B4A4-1A80-4F26-BEDF-BB973AC65855}.Release|Any CPU.Build.0 = Release|Any CPU
		{76CC2EEA-C4B2-4278-B5A5-0DAA7AFFCA6F}.Debug|Any CPU.ActiveCfg = Debug|Any CPU
		{76CC2EEA-C4B2-4278-B5A5-0DAA7AFFCA6F}.Debug|Any CPU.Build.0 = Debug|Any CPU
		{76CC2EEA-C4B2-4278-B5A5-0DAA7AFFCA6F}.Release|Any CPU.ActiveCfg = Release|Any CPU
		{76CC2EEA-C4B2-4278-B5A5-0DAA7AFFCA6F}.Release|Any CPU.Build.0 = Release|Any CPU
		{532CB0F2-4635-4521-BFAA-D8BF2E45EF3F}.Debug|Any CPU.ActiveCfg = Debug|Any CPU
		{532CB0F2-4635-4521-BFAA-D8BF2E45EF3F}.Debug|Any CPU.Build.0 = Debug|Any CPU
		{532CB0F2-4635-4521-BFAA-D8BF2E45EF3F}.Release|Any CPU.ActiveCfg = Release|Any CPU
		{532CB0F2-4635-4521-BFAA-D8BF2E45EF3F}.Release|Any CPU.Build.0 = Release|Any CPU
		{22175749-D870-4819-8F9B-685A27D33262}.Debug|Any CPU.ActiveCfg = Debug|Any CPU
		{22175749-D870-4819-8F9B-685A27D33262}.Debug|Any CPU.Build.0 = Debug|Any CPU
		{22175749-D870-4819-8F9B-685A27D33262}.Release|Any CPU.ActiveCfg = Release|Any CPU
		{22175749-D870-4819-8F9B-685A27D33262}.Release|Any CPU.Build.0 = Release|Any CPU
		{5C464351-AFC3-43CE-BDD2-26866E400635}.Debug|Any CPU.ActiveCfg = Debug|Any CPU
		{5C464351-AFC3-43CE-BDD2-26866E400635}.Debug|Any CPU.Build.0 = Debug|Any CPU
		{5C464351-AFC3-43CE-BDD2-26866E400635}.Release|Any CPU.ActiveCfg = Release|Any CPU
		{5C464351-AFC3-43CE-BDD2-26866E400635}.Release|Any CPU.Build.0 = Release|Any CPU
		{35B16D6A-BAB5-4ECD-9589-8B5C0721979D}.Debug|Any CPU.ActiveCfg = Debug|Any CPU
		{35B16D6A-BAB5-4ECD-9589-8B5C0721979D}.Debug|Any CPU.Build.0 = Debug|Any CPU
		{35B16D6A-BAB5-4ECD-9589-8B5C0721979D}.Release|Any CPU.ActiveCfg = Release|Any CPU
		{35B16D6A-BAB5-4ECD-9589-8B5C0721979D}.Release|Any CPU.Build.0 = Release|Any CPU
		{BA4BEE93-2C88-44DA-8E67-83D938053FE1}.Debug|Any CPU.ActiveCfg = Debug|Any CPU
		{BA4BEE93-2C88-44DA-8E67-83D938053FE1}.Debug|Any CPU.Build.0 = Debug|Any CPU
		{BA4BEE93-2C88-44DA-8E67-83D938053FE1}.Debug|Any CPU.Deploy.0 = Debug|Any CPU
		{BA4BEE93-2C88-44DA-8E67-83D938053FE1}.Release|Any CPU.ActiveCfg = Release|Any CPU
		{BA4BEE93-2C88-44DA-8E67-83D938053FE1}.Release|Any CPU.Build.0 = Release|Any CPU
		{BA4BEE93-2C88-44DA-8E67-83D938053FE1}.Release|Any CPU.Deploy.0 = Release|Any CPU
		{4F3B9073-B1A7-44C4-9674-24D74CFF7A7C}.Debug|Any CPU.ActiveCfg = Debug|Any CPU
		{4F3B9073-B1A7-44C4-9674-24D74CFF7A7C}.Debug|Any CPU.Build.0 = Debug|Any CPU
		{4F3B9073-B1A7-44C4-9674-24D74CFF7A7C}.Debug|Any CPU.Deploy.0 = Debug|Any CPU
		{4F3B9073-B1A7-44C4-9674-24D74CFF7A7C}.Release|Any CPU.ActiveCfg = Release|Any CPU
		{4F3B9073-B1A7-44C4-9674-24D74CFF7A7C}.Release|Any CPU.Build.0 = Release|Any CPU
		{4F3B9073-B1A7-44C4-9674-24D74CFF7A7C}.Release|Any CPU.Deploy.0 = Release|Any CPU
	EndGlobalSection
	GlobalSection(SolutionProperties) = preSolution
		HideSolutionNode = FALSE
	EndGlobalSection
	GlobalSection(ExtensibilityGlobals) = postSolution
		SolutionGuid = {72B44261-492B-474C-9718-CB24A1FEDF8C}
	EndGlobalSection
EndGlobal
